
Microsoft Visual Studio Solution File, Format Version 12.00
# Visual Studio Version 16
VisualStudioVersion = 16.0.31424.327
MinimumVisualStudioVersion = 10.0.40219.1
Project("{9A19103F-16F7-4668-BE54-9A1E7A4F7556}") = "Web", "Web\Web.csproj", "{2549A510-E2A5-404E-BE71-F2954894F51F}"
EndProject
Project("{9A19103F-16F7-4668-BE54-9A1E7A4F7556}") = "Business", "Business\Business.csproj", "{AFD87C16-CC51-493A-AA48-C2467D7EF11A}"
EndProject
Project("{9A19103F-16F7-4668-BE54-9A1E7A4F7556}") = "Data", "Data\Data.csproj", "{37394689-D19D-4145-A26D-3872991BC5AA}"
EndProject
Project("{FAE04EC0-301F-11D3-BF4B-00C04F79EFBC}") = "Business.Test", "Business.Test\Business.Test.csproj", "{95CDF383-DC91-4D7A-92B4-862BCF3B3295}"
EndProject
Global
	GlobalSection(SolutionConfigurationPlatforms) = preSolution
		Debug|Any CPU = Debug|Any CPU
		Release|Any CPU = Release|Any CPU
	EndGlobalSection
	GlobalSection(ProjectConfigurationPlatforms) = postSolution
		{2549A510-E2A5-404E-BE71-F2954894F51F}.Debug|Any CPU.ActiveCfg = Debug|Any CPU
		{2549A510-E2A5-404E-BE71-F2954894F51F}.Debug|Any CPU.Build.0 = Debug|Any CPU
		{2549A510-E2A5-404E-BE71-F2954894F51F}.Release|Any CPU.ActiveCfg = Release|Any CPU
		{2549A510-E2A5-404E-BE71-F2954894F51F}.Release|Any CPU.Build.0 = Release|Any CPU
		{AFD87C16-CC51-493A-AA48-C2467D7EF11A}.Debug|Any CPU.ActiveCfg = Debug|Any CPU
		{AFD87C16-CC51-493A-AA48-C2467D7EF11A}.Debug|Any CPU.Build.0 = Debug|Any CPU
		{AFD87C16-CC51-493A-AA48-C2467D7EF11A}.Release|Any CPU.ActiveCfg = Release|Any CPU
		{AFD87C16-CC51-493A-AA48-C2467D7EF11A}.Release|Any CPU.Build.0 = Release|Any CPU
		{37394689-D19D-4145-A26D-3872991BC5AA}.Debug|Any CPU.ActiveCfg = Debug|Any CPU
		{37394689-D19D-4145-A26D-3872991BC5AA}.Debug|Any CPU.Build.0 = Debug|Any CPU
		{37394689-D19D-4145-A26D-3872991BC5AA}.Release|Any CPU.ActiveCfg = Release|Any CPU
		{37394689-D19D-4145-A26D-3872991BC5AA}.Release|Any CPU.Build.0 = Release|Any CPU
		{95CDF383-DC91-4D7A-92B4-862BCF3B3295}.Debug|Any CPU.ActiveCfg = Debug|Any CPU
		{95CDF383-DC91-4D7A-92B4-862BCF3B3295}.Debug|Any CPU.Build.0 = Debug|Any CPU
		{95CDF383-DC91-4D7A-92B4-862BCF3B3295}.Release|Any CPU.ActiveCfg = Release|Any CPU
		{95CDF383-DC91-4D7A-92B4-862BCF3B3295}.Release|Any CPU.Build.0 = Release|Any CPU
	EndGlobalSection
	GlobalSection(SolutionProperties) = preSolution
		HideSolutionNode = FALSE
	EndGlobalSection
	GlobalSection(ExtensibilityGlobals) = postSolution
		SolutionGuid = {A9B96F08-7184-4A5D-ACC1-F20B8E3CABF1}
	EndGlobalSection
EndGlobal
